
Microsoft Visual Studio Solution File, Format Version 12.00
# Visual Studio 15
VisualStudioVersion = 15.0.27428.2015
MinimumVisualStudioVersion = 10.0.40219.1
Project("{9A19103F-16F7-4668-BE54-9A1E7A4F7556}") = "Crawler", "Crawler.csproj", "{D8BE952D-3161-4E52-8121-35EB4BAE568F}"
EndProject
Global
	GlobalSection(SolutionConfigurationPlatforms) = preSolution
		Debug|Any CPU = Debug|Any CPU
		Release|Any CPU = Release|Any CPU
	EndGlobalSection
	GlobalSection(ProjectConfigurationPlatforms) = postSolution
		{D8BE952D-3161-4E52-8121-35EB4BAE568F}.Debug|Any CPU.ActiveCfg = Debug|Any CPU
		{D8BE952D-3161-4E52-8121-35EB4BAE568F}.Debug|Any CPU.Build.0 = Debug|Any CPU
		{D8BE952D-3161-4E52-8121-35EB4BAE568F}.Release|Any CPU.ActiveCfg = Release|Any CPU
		{D8BE952D-3161-4E52-8121-35EB4BAE568F}.Release|Any CPU.Build.0 = Release|Any CPU
	EndGlobalSection
	GlobalSection(SolutionProperties) = preSolution
		HideSolutionNode = FALSE
	EndGlobalSection
	GlobalSection(ExtensibilityGlobals) = postSolution
		SolutionGuid = {3D9CD653-0E20-474F-ADDF-898689918C2C}
	EndGlobalSection
EndGlobal
