
Microsoft Visual Studio Solution File, Format Version 12.00
# Visual Studio 15
VisualStudioVersion = 15.0.27520.0
MinimumVisualStudioVersion = 10.0.40219.1
Project("{9A19103F-16F7-4668-BE54-9A1E7A4F7556}") = "MetadataMerger", "MetadataMerger.csproj", "{6AF19649-6B7F-4493-81C5-D907762A4AF7}"
EndProject
Global
	GlobalSection(SolutionConfigurationPlatforms) = preSolution
		Debug|Any CPU = Debug|Any CPU
		Release|Any CPU = Release|Any CPU
	EndGlobalSection
	GlobalSection(ProjectConfigurationPlatforms) = postSolution
		{6AF19649-6B7F-4493-81C5-D907762A4AF7}.Debug|Any CPU.ActiveCfg = Debug|Any CPU
		{6AF19649-6B7F-4493-81C5-D907762A4AF7}.Debug|Any CPU.Build.0 = Debug|Any CPU
		{6AF19649-6B7F-4493-81C5-D907762A4AF7}.Release|Any CPU.ActiveCfg = Release|Any CPU
		{6AF19649-6B7F-4493-81C5-D907762A4AF7}.Release|Any CPU.Build.0 = Release|Any CPU
	EndGlobalSection
	GlobalSection(SolutionProperties) = preSolution
		HideSolutionNode = FALSE
	EndGlobalSection
	GlobalSection(ExtensibilityGlobals) = postSolution
		SolutionGuid = {CCFC0BCC-48FE-43D5-9682-5492139499B6}
	EndGlobalSection
EndGlobal
